{
  "version": "5",
  "specifiers": {
    "jsr:@db/postgres@0.19.5": "0.19.5",
    "jsr:@db/postgres@~0.19.5": "0.19.5",
    "jsr:@deno/esbuild-plugin@^1.2.0": "1.2.1",
    "jsr:@deno/loader@~0.3.10": "0.3.14",
    "jsr:@denosaurs/plug@^1.1.0": "1.1.0",
    "jsr:@felix/bcrypt@^1.0.8": "1.0.8",
    "jsr:@fresh/build-id@1": "1.0.1",
    "jsr:@fresh/core@*": "2.3.3",
    "jsr:@fresh/core@2.3.3": "2.3.3",
    "jsr:@fresh/core@^2.3.3": "2.3.3",
    "jsr:@std/assert@1": "1.0.19",
    "jsr:@std/bytes@^1.0.5": "1.0.6",
    "jsr:@std/bytes@^1.0.6": "1.0.6",
    "jsr:@std/crypto@^1.0.4": "1.1.0",
    "jsr:@std/encoding@1": "1.0.10",
    "jsr:@std/encoding@^1.0.10": "1.0.10",
    "jsr:@std/encoding@^1.0.9": "1.0.10",
    "jsr:@std/fmt@1": "1.0.10",
    "jsr:@std/fmt@^1.0.6": "1.0.10",
    "jsr:@std/fmt@^1.0.8": "1.0.10",
    "jsr:@std/fs@1": "1.0.24",
    "jsr:@std/fs@^1.0.19": "1.0.24",
    "jsr:@std/html@^1.0.5": "1.0.7",
    "jsr:@std/http@^1.0.21": "1.1.1",
    "jsr:@std/internal@^1.0.12": "1.0.14",
    "jsr:@std/internal@^1.0.14": "1.0.14",
    "jsr:@std/json@^1.0.2": "1.1.0",
    "jsr:@std/jsonc@^1.0.2": "1.0.2",
    "jsr:@std/media-types@^1.1.0": "1.1.0",
    "jsr:@std/net@^1.0.6": "1.0.6",
    "jsr:@std/path@1": "1.1.5",
    "jsr:@std/path@^1.0.8": "1.1.5",
    "jsr:@std/path@^1.1.1": "1.1.5",
    "jsr:@std/path@^1.1.2": "1.1.5",
    "jsr:@std/path@^1.1.5": "1.1.5",
    "jsr:@std/semver@^1.0.6": "1.0.8",
    "jsr:@std/uuid@^1.0.9": "1.1.1",
    "npm:@opentelemetry/api@^1.9.0": "1.9.1",
    "npm:@preact/signals-core@^1.8.0": "1.14.2",
    "npm:@preact/signals@^2.5.1": "2.9.1_preact@10.29.2",
    "npm:@preact/signals@^2.9.0": "2.9.1_preact@10.29.2",
    "npm:esbuild-wasm@~0.25.11": "0.25.12",
    "npm:esbuild@0.25.7": "0.25.7",
    "npm:esbuild@~0.25.5": "0.25.7",
    "npm:heic-to@^1.5.2": "1.5.2",
    "npm:imagescript@1.3.0": "1.3.0",
    "npm:preact-render-to-string@^6.6.3": "6.7.0_preact@10.29.2",
    "npm:preact-render-to-string@^6.6.7": "6.7.0_preact@10.29.2",
    "npm:preact@^10.28.2": "10.29.2",
    "npm:preact@^10.29.1": "10.29.2",
    "npm:preact@^10.29.2": "10.29.2",
    "npm:qrcode-generator@^1.4.4": "1.5.2"
  },
  "jsr": {
    "@db/postgres@0.19.5": {
      "integrity": "afdbe608bd066cda2ee5dba37c416d332098b9238c51aec223331108e281954c",
      "dependencies": [
        "jsr:@std/bytes@^1.0.5",
        "jsr:@std/crypto",
        "jsr:@std/encoding@^1.0.9",
        "jsr:@std/fmt@^1.0.6",
        "jsr:@std/path@^1.0.8"
      ]
    },
    "@deno/esbuild-plugin@1.2.1": {
      "integrity": "df629467913adc1f960149fdfa3a3430ba8c20381c310fba096db244e6c3c9f6",
      "dependencies": [
        "jsr:@deno/loader",
        "jsr:@std/path@^1.1.1",
        "npm:esbuild@~0.25.5"
      ]
    },
    "@deno/loader@0.3.14": {
      "integrity": "97bc63a6cc2d27a60bcdc953f588c5213331d866d44212eebb24cebfb9b011ca"
    },
    "@denosaurs/plug@1.1.0": {
      "integrity": "eb2f0b7546c7bca2000d8b0282c54d50d91cf6d75cb26a80df25a6de8c4bc044",
      "dependencies": [
        "jsr:@std/encoding@1",
        "jsr:@std/fmt@1",
        "jsr:@std/fs@1",
        "jsr:@std/path@1"
      ]
    },
    "@felix/bcrypt@1.0.8": {
      "integrity": "59c41160fc027882479c512db5d53792c4d91aadcd49467c85caa2f1679046f2",
      "dependencies": [
        "jsr:@denosaurs/plug"
      ]
    },
    "@fresh/build-id@1.0.1": {
      "integrity": "12a2ec25fd52ae9ec68c26848a5696cd1c9b537f7c983c7e56e4fb1e7e816c20",
      "dependencies": [
        "jsr:@std/encoding@^1.0.10"
      ]
    },
    "@fresh/core@2.3.3": {
      "integrity": "6c2aad199976644352c89a1d601f3ef331b1d24cdadb53ed469324a303598383",
      "dependencies": [
        "jsr:@deno/esbuild-plugin",
        "jsr:@fresh/build-id",
        "jsr:@std/encoding@^1.0.10",
        "jsr:@std/fmt@^1.0.8",
        "jsr:@std/fs@^1.0.19",
        "jsr:@std/html",
        "jsr:@std/http",
        "jsr:@std/jsonc",
        "jsr:@std/media-types",
        "jsr:@std/net",
        "jsr:@std/path@^1.1.2",
        "jsr:@std/semver",
        "jsr:@std/uuid",
        "npm:@opentelemetry/api",
        "npm:@preact/signals@^2.5.1",
        "npm:esbuild-wasm",
        "npm:esbuild@0.25.7",
        "npm:preact-render-to-string@^6.6.3",
        "npm:preact@^10.28.2",
        "npm:preact@^10.29.1"
      ]
    },
    "@std/assert@1.0.19": {
      "integrity": "eaada96ee120cb980bc47e040f82814d786fe8162ecc53c91d8df60b8755991e",
      "dependencies": [
        "jsr:@std/internal@^1.0.12"
      ]
    },
    "@std/bytes@1.0.6": {
      "integrity": "f6ac6adbd8ccd99314045f5703e23af0a68d7f7e58364b47d2c7f408aeb5820a"
    },
    "@std/crypto@1.1.0": {
      "integrity": "b8d6d0a6377a32b213af2661ed7bf1062d94feac0c57def5526a8e74a95c3ec8"
    },
    "@std/encoding@1.0.10": {
      "integrity": "8783c6384a2d13abd5e9e87a7ae0520a30e9f56aeeaa3bdf910a3eaaf5c811a1"
    },
    "@std/fmt@1.0.10": {
      "integrity": "90dfba288802ac6de82fb31d0917eb9e4450b9925b954d5e51fc29ac07419db5"
    },
    "@std/fs@1.0.24": {
      "integrity": "f3061b45b81673a2bece689da041df32d174be064c89eb6397fb5718d3fb7877",
      "dependencies": [
        "jsr:@std/internal@^1.0.14",
        "jsr:@std/path@^1.1.5"
      ]
    },
    "@std/html@1.0.7": {
      "integrity": "175c818905a6e75743c69c251395e273d82698e58cfe7dd76268d70e28b8d8fe"
    },
    "@std/http@1.1.1": {
      "integrity": "e343a9a80aea07c716b91be5c79df764144430ad2dd7c9121ed7443f08dc74f7",
      "dependencies": [
        "jsr:@std/encoding@^1.0.10"
      ]
    },
    "@std/internal@1.0.14": {
      "integrity": "291516b3d4c35024d6ffbc0a9df5bf4c64116e05b50012cf846710152d2ffdf7"
    },
    "@std/json@1.1.0": {
      "integrity": "93330d3ed4054d6b1ffe54b075432c80a5f671be77277b978931e018014cb1cc"
    },
    "@std/jsonc@1.0.2": {
      "integrity": "909605dae3af22bd75b1cbda8d64a32cf1fd2cf6efa3f9e224aba6d22c0f44c7",
      "dependencies": [
        "jsr:@std/json"
      ]
    },
    "@std/media-types@1.1.0": {
      "integrity": "c9d093f0c05c3512932b330e3cc1fe1d627b301db33a4c2c2185c02471d6eaa4"
    },
    "@std/net@1.0.6": {
      "integrity": "110735f93e95bb9feb95790a8b1d1bf69ec0dc74f3f97a00a76ea5efea25500c"
    },
    "@std/path@1.1.5": {
      "integrity": "ccea00982ea28c36becaf6e62f855406c76a8c32d462f66f415bbb7d83a271bc",
      "dependencies": [
        "jsr:@std/internal@^1.0.14"
      ]
    },
    "@std/semver@1.0.8": {
      "integrity": "dc830e8b8b6a380c895d53fbfd1258dc253704ca57bbe1629ac65fd7830179b7"
    },
    "@std/uuid@1.1.1": {
      "integrity": "7b49060282d90f72fec64952f8c7a2914cbe6fdba3eca665f8cedc90830154a7",
      "dependencies": [
        "jsr:@std/bytes@^1.0.6"
      ]
    }
  },
  "npm": {
    "@esbuild/aix-ppc64@0.25.7": {
      "integrity": "sha512-uD0kKFHh6ETr8TqEtaAcV+dn/2qnYbH/+8wGEdY70Qf7l1l/jmBUbrmQqwiPKAQE6cOQ7dTj6Xr0HzQDGHyceQ==",
      "os": ["aix"],
      "cpu": ["ppc64"]
    },
    "@esbuild/android-arm64@0.25.7": {
      "integrity": "sha512-p0ohDnwyIbAtztHTNUTzN5EGD/HJLs1bwysrOPgSdlIA6NDnReoVfoCyxG6W1d85jr2X80Uq5KHftyYgaK9LPQ==",
      "os": ["android"],
      "cpu": ["arm64"]
    },
    "@esbuild/android-arm@0.25.7": {
      "integrity": "sha512-Jhuet0g1k9rAJHrXGIh7sFknFuT4sfytYZpZpuZl7YKDhnPByVAm5oy2LEBmMbuYf3ejWVYCc2seX81Mk+madA==",
      "os": ["android"],
      "cpu": ["arm"]
    },
    "@esbuild/android-x64@0.25.7": {
      "integrity": "sha512-mMxIJFlSgVK23HSsII3ZX9T2xKrBCDGyk0qiZnIW10LLFFtZLkFD6imZHu7gUo2wkNZwS9Yj3mOtZD3ZPcjCcw==",
      "os": ["android"],
      "cpu": ["x64"]
    },
    "@esbuild/darwin-arm64@0.25.7": {
      "integrity": "sha512-jyOFLGP2WwRwxM8F1VpP6gcdIJc8jq2CUrURbbTouJoRO7XCkU8GdnTDFIHdcifVBT45cJlOYsZ1kSlfbKjYUQ==",
      "os": ["darwin"],
      "cpu": ["arm64"]
    },
    "@esbuild/darwin-x64@0.25.7": {
      "integrity": "sha512-m9bVWqZCwQ1BthruifvG64hG03zzz9gE2r/vYAhztBna1/+qXiHyP9WgnyZqHgGeXoimJPhAmxfbeU+nMng6ZA==",
      "os": ["darwin"],
      "cpu": ["x64"]
    },
    "@esbuild/freebsd-arm64@0.25.7": {
      "integrity": "sha512-Bss7P4r6uhr3kDzRjPNEnTm/oIBdTPRNQuwaEFWT/uvt6A1YzK/yn5kcx5ZxZ9swOga7LqeYlu7bDIpDoS01bA==",
      "os": ["freebsd"],
      "cpu": ["arm64"]
    },
    "@esbuild/freebsd-x64@0.25.7": {
      "integrity": "sha512-S3BFyjW81LXG7Vqmr37ddbThrm3A84yE7ey/ERBlK9dIiaWgrjRlre3pbG7txh1Uaxz8N7wGGQXmC9zV+LIpBQ==",
      "os": ["freebsd"],
      "cpu": ["x64"]
    },
    "@esbuild/linux-arm64@0.25.7": {
      "integrity": "sha512-HfQZQqrNOfS1Okn7PcsGUqHymL1cWGBslf78dGvtrj8q7cN3FkapFgNA4l/a5lXDwr7BqP2BSO6mz9UremNPbg==",
      "os": ["linux"],
      "cpu": ["arm64"]
    },
    "@esbuild/linux-arm@0.25.7": {
      "integrity": "sha512-JZMIci/1m5vfQuhKoFXogCKVYVfYQmoZJg8vSIMR4TUXbF+0aNlfXH3DGFEFMElT8hOTUF5hisdZhnrZO/bkDw==",
      "os": ["linux"],
      "cpu": ["arm"]
    },
    "@esbuild/linux-ia32@0.25.7": {
      "integrity": "sha512-9Jex4uVpdeofiDxnwHRgen+j6398JlX4/6SCbbEFEXN7oMO2p0ueLN+e+9DdsdPLUdqns607HmzEFnxwr7+5wQ==",
      "os": ["linux"],
      "cpu": ["ia32"]
    },
    "@esbuild/linux-loong64@0.25.7": {
      "integrity": "sha512-TG1KJqjBlN9IHQjKVUYDB0/mUGgokfhhatlay8aZ/MSORMubEvj/J1CL8YGY4EBcln4z7rKFbsH+HeAv0d471w==",
      "os": ["linux"],
      "cpu": ["loong64"]
    },
    "@esbuild/linux-mips64el@0.25.7": {
      "integrity": "sha512-Ty9Hj/lx7ikTnhOfaP7ipEm/ICcBv94i/6/WDg0OZ3BPBHhChsUbQancoWYSO0WNkEiSW5Do4febTTy4x1qYQQ==",
      "os": ["linux"],
      "cpu": ["mips64el"]
    },
    "@esbuild/linux-ppc64@0.25.7": {
      "integrity": "sha512-MrOjirGQWGReJl3BNQ58BLhUBPpWABnKrnq8Q/vZWWwAB1wuLXOIxS2JQ1LT3+5T+3jfPh0tyf5CpbyQHqnWIQ==",
      "os": ["linux"],
      "cpu": ["ppc64"]
    },
    "@esbuild/linux-riscv64@0.25.7": {
      "integrity": "sha512-9pr23/pqzyqIZEZmQXnFyqp3vpa+KBk5TotfkzGMqpw089PGm0AIowkUppHB9derQzqniGn3wVXgck19+oqiOw==",
      "os": ["linux"],
      "cpu": ["riscv64"]
    },
    "@esbuild/linux-s390x@0.25.7": {
      "integrity": "sha512-4dP11UVGh9O6Y47m8YvW8eoA3r8qL2toVZUbBKyGta8j6zdw1cn9F/Rt59/Mhv0OgY68pHIMjGXWOUaykCnx+w==",
      "os": ["linux"],
      "cpu": ["s390x"]
    },
    "@esbuild/linux-x64@0.25.7": {
      "integrity": "sha512-ghJMAJTdw/0uhz7e7YnpdX1xVn7VqA0GrWrAO2qKMuqbvgHT2VZiBv1BQ//VcHsPir4wsL3P2oPggfKPzTKoCA==",
      "os": ["linux"],
      "cpu": ["x64"]
    },
    "@esbuild/netbsd-arm64@0.25.7": {
      "integrity": "sha512-bwXGEU4ua45+u5Ci/a55B85KWaDSRS8NPOHtxy2e3etDjbz23wlry37Ffzapz69JAGGc4089TBo+dGzydQmydg==",
      "os": ["netbsd"],
      "cpu": ["arm64"]
    },
    "@esbuild/netbsd-x64@0.25.7": {
      "integrity": "sha512-tUZRvLtgLE5OyN46sPSYlgmHoBS5bx2URSrgZdW1L1teWPYVmXh+QN/sKDqkzBo/IHGcKcHLKDhBeVVkO7teEA==",
      "os": ["netbsd"],
      "cpu": ["x64"]
    },
    "@esbuild/openbsd-arm64@0.25.7": {
      "integrity": "sha512-bTJ50aoC+WDlDGBReWYiObpYvQfMjBNlKztqoNUL0iUkYtwLkBQQeEsTq/I1KyjsKA5tyov6VZaPb8UdD6ci6Q==",
      "os": ["openbsd"],
      "cpu": ["arm64"]
    },
    "@esbuild/openbsd-x64@0.25.7": {
      "integrity": "sha512-TA9XfJrgzAipFUU895jd9j2SyDh9bbNkK2I0gHcvqb/o84UeQkBpi/XmYX3cO1q/9hZokdcDqQxIi6uLVrikxg==",
      "os": ["openbsd"],
      "cpu": ["x64"]
    },
    "@esbuild/openharmony-arm64@0.25.7": {
      "integrity": "sha512-5VTtExUrWwHHEUZ/N+rPlHDwVFQ5aME7vRJES8+iQ0xC/bMYckfJ0l2n3yGIfRoXcK/wq4oXSItZAz5wslTKGw==",
      "os": ["openharmony"],
      "cpu": ["arm64"]
    },
    "@esbuild/sunos-x64@0.25.7": {
      "integrity": "sha512-umkbn7KTxsexhv2vuuJmj9kggd4AEtL32KodkJgfhNOHMPtQ55RexsaSrMb+0+jp9XL4I4o2y91PZauVN4cH3A==",
      "os": ["sunos"],
      "cpu": ["x64"]
    },
    "@esbuild/win32-arm64@0.25.7": {
      "integrity": "sha512-j20JQGP/gz8QDgzl5No5Gr4F6hurAZvtkFxAKhiv2X49yi/ih8ECK4Y35YnjlMogSKJk931iNMcd35BtZ4ghfw==",
      "os": ["win32"],
      "cpu": ["arm64"]
    },
    "@esbuild/win32-ia32@0.25.7": {
      "integrity": "sha512-4qZ6NUfoiiKZfLAXRsvFkA0hoWVM+1y2bSHXHkpdLAs/+r0LgwqYohmfZCi985c6JWHhiXP30mgZawn/XrqAkQ==",
      "os": ["win32"],
      "cpu": ["ia32"]
    },
    "@esbuild/win32-x64@0.25.7": {
      "integrity": "sha512-FaPsAHTwm+1Gfvn37Eg3E5HIpfR3i6x1AIcla/MkqAIupD4BW3MrSeUqfoTzwwJhk3WE2/KqUn4/eenEJC76VA==",
      "os": ["win32"],
      "cpu": ["x64"]
    },
    "@opentelemetry/api@1.9.1": {
      "integrity": "sha512-gLyJlPHPZYdAk1JENA9LeHejZe1Ti77/pTeFm/nMXmQH/HFZlcS/O2XJB+L8fkbrNSqhdtlvjBVjxwUYanNH5Q=="
    },
    "@preact/signals-core@1.14.2": {
      "integrity": "sha512-RZHdBj9ZF4n40Rp4jS052EHHjBWf96P9oNdXPfhQTovCuWY9iQn3Gq+gOTJSgBO9A/JBuPfMOWsSX/lIU9Pc/A=="
    },
    "@preact/signals@2.9.1_preact@10.29.2": {
      "integrity": "sha512-xVqN8mJjbSN5IB/8Ubmd9NN+Ew6zJswoRxrjZbH3YsgkMshFeO6d8zxEFpHRTq9GJZx7cnPs2CnCpFqtGXGNsw==",
      "dependencies": [
        "@preact/signals-core",
        "preact"
      ]
    },
    "esbuild-wasm@0.25.12": {
      "integrity": "sha512-rZqkjL3Y6FwLpSHzLnaEy8Ps6veCNo1kZa9EOfJvmWtBq5dJH4iVjfmOO6Mlkv9B0tt9WFPFmb/VxlgJOnueNg==",
      "bin": true
    },
    "esbuild@0.25.7": {
      "integrity": "sha512-daJB0q2dmTzo90L9NjRaohhRWrCzYxWNFTjEi72/h+p5DcY3yn4MacWfDakHmaBaDzDiuLJsCh0+6LK/iX+c+Q==",
      "optionalDependencies": [
        "@esbuild/aix-ppc64",
        "@esbuild/android-arm",
        "@esbuild/android-arm64",
        "@esbuild/android-x64",
        "@esbuild/darwin-arm64",
        "@esbuild/darwin-x64",
        "@esbuild/freebsd-arm64",
        "@esbuild/freebsd-x64",
        "@esbuild/linux-arm",
        "@esbuild/linux-arm64",
        "@esbuild/linux-ia32",
        "@esbuild/linux-loong64",
        "@esbuild/linux-mips64el",
        "@esbuild/linux-ppc64",
        "@esbuild/linux-riscv64",
        "@esbuild/linux-s390x",
        "@esbuild/linux-x64",
        "@esbuild/netbsd-arm64",
        "@esbuild/netbsd-x64",
        "@esbuild/openbsd-arm64",
        "@esbuild/openbsd-x64",
        "@esbuild/openharmony-arm64",
        "@esbuild/sunos-x64",
        "@esbuild/win32-arm64",
        "@esbuild/win32-ia32",
        "@esbuild/win32-x64"
      ],
      "scripts": true,
      "bin": true
    },
    "heic-to@1.5.2": {
      "integrity": "sha512-8Fns+lZHAWmz5U5IUxDeXKwIf3foBoKNPLxxFY4B0MkLjNuomEIHCoDbDE+x/llFK3NCEO1cu4+n3iUKY+Svmw=="
    },
    "imagescript@1.3.0": {
      "integrity": "sha512-lCYzQrWzdnA68K03oMj/BUlBJrVBnslzDOgGFymAp49NmdGEJxGeN7sHh5mCva0nQkq+kkKSuru2zLf1m04+3A=="
    },
    "preact-render-to-string@6.7.0_preact@10.29.2": {
      "integrity": "sha512-Z4WR8fmLMRpdYqJ9i7vrlXSsSrxVJydwrkEXHapexfARbWfGb7vGcnvNQnIzN0cXciMVOlz/XLoiMCi9gUsy9Q==",
      "dependencies": [
        "preact"
      ]
    },
    "preact@10.29.2": {
      "integrity": "sha512-7tNmwg/7mzzAoB/8kSg6Hl37JraAZw3Z3A0JSY7VXlZwo82Xn0G7wKbNNs2qoF4ZEEsQGTwDAroNdqKs1ofJxQ=="
    },
    "qrcode-generator@1.5.2": {
      "integrity": "sha512-pItrW0Z9HnDBnFmgiNrY1uxRdri32Uh9EjNYLPVC2zZ3ZRIIEqBoDgm4DkvDwNNDHTK7FNkmr8zAa77BYc9xNw=="
    }
  },
  "workspace": {
    "dependencies": [
      "jsr:@db/postgres@~0.19.5",
      "jsr:@felix/bcrypt@^1.0.8",
      "jsr:@fresh/core@^2.3.3",
      "jsr:@std/assert@1",
      "jsr:@std/encoding@1",
      "jsr:@std/fs@1",
      "jsr:@std/path@1",
      "npm:@preact/signals-core@^1.8.0",
      "npm:@preact/signals@^2.9.0",
      "npm:heic-to@^1.5.2",
      "npm:imagescript@1.3.0",
      "npm:preact-render-to-string@^6.6.7",
      "npm:preact@^10.29.2",
      "npm:qrcode-generator@^1.4.4"
    ]
  }
}
